
Microsoft Visual Studio Solution File, Format Version 12.00
# Visual Studio Version 17
VisualStudioVersion = 17.5.33530.505
MinimumVisualStudioVersion = 10.0.40219.1
Project("{9A19103F-16F7-4668-BE54-9A1E7A4F7556}") = "SkillSmart.Lessons.Lab1", "SkillSmart.Lessons.Lab1\SkillSmart.Lessons.Lab1.csproj", "{66C39B8F-A6F9-4319-9933-DAE16C860381}"
EndProject
Project("{9A19103F-16F7-4668-BE54-9A1E7A4F7556}") = "SkillSmart.Lessons.Lab1.Tests", "SkillSmart.Lessons.Lab1.Tests\SkillSmart.Lessons.Lab1.Tests.csproj", "{685156A4-9623-47B3-95E5-2070B448DA3B}"
EndProject
Project("{9A19103F-16F7-4668-BE54-9A1E7A4F7556}") = "SkillSmart.Lessons.Lab2", "SkillSmart.Lessons.Lab2\SkillSmart.Lessons.Lab2.csproj", "{229788E1-93BE-4EA8-9B85-7F7D47A22084}"
EndProject
Project("{9A19103F-16F7-4668-BE54-9A1E7A4F7556}") = "SkillSmart.Lessons.Lab2.Tests", "SkillSmart.Lessons.Lab2.Tests\SkillSmart.Lessons.Lab2.Tests.csproj", "{E2CD31D7-7A3B-4B1D-A293-952AE2EAC7A4}"
EndProject
Project("{9A19103F-16F7-4668-BE54-9A1E7A4F7556}") = "SkillSmart.Lessons.Lab3", "SkillSmart.Lessons.Lab3\SkillSmart.Lessons.Lab3.csproj", "{CBF202E0-3235-468A-8892-75CCD3BEBC0B}"
EndProject
Project("{9A19103F-16F7-4668-BE54-9A1E7A4F7556}") = "SkillSmart.Lessons.Lab3.Tests", "SkillSmart.Lessons.Lab3.Tests\SkillSmart.Lessons.Lab3.Tests.csproj", "{652F08E4-A6DE-498F-8A90-38FFFFEB484B}"
EndProject
Project("{9A19103F-16F7-4668-BE54-9A1E7A4F7556}") = "SkillSmart.Lessons.Lab4", "SkillSmart.Lessons.Lab4\SkillSmart.Lessons.Lab4.csproj", "{1C16476F-8547-4FFC-AF31-9152A8C4B27E}"
EndProject
Project("{9A19103F-16F7-4668-BE54-9A1E7A4F7556}") = "SkillSmart.Lessons.Lab4.Tests", "SkillSmart.Lessons.Lab4.Tests\SkillSmart.Lessons.Lab4.Tests.csproj", "{AA4D350A-F087-45B1-88EE-6835CBDB1C6C}"
EndProject
Project("{9A19103F-16F7-4668-BE54-9A1E7A4F7556}") = "SkillSmart.Lessons.Lab5", "SkillSmart.Lessons.Lab5\SkillSmart.Lessons.Lab5.csproj", "{162F77C7-FED7-424B-8234-8913C40B77A5}"
EndProject
Project("{9A19103F-16F7-4668-BE54-9A1E7A4F7556}") = "SkillSmart.Lessons.Lab5.Tests", "SkillSmart.Lessons.Lab5.Tests\SkillSmart.Lessons.Lab5.Tests.csproj", "{D1A368C7-9B2D-4A8A-ACEF-7843032CFD91}"
EndProject
Project("{9A19103F-16F7-4668-BE54-9A1E7A4F7556}") = "SkillSmart.Lessons.Lab6", "SkillSmart.Lessons.Lab6\SkillSmart.Lessons.Lab6.csproj", "{6D715E8E-5AED-496E-B616-E2F5BB0330FA}"
EndProject
Project("{9A19103F-16F7-4668-BE54-9A1E7A4F7556}") = "SkillSmart.Lessons.Lab6.Tests", "SkillSmart.Lessons.Lab6.Tests\SkillSmart.Lessons.Lab6.Tests.csproj", "{D0B20178-6ABA-4E2A-8D80-5B997058A2F5}"
EndProject
Project("{9A19103F-16F7-4668-BE54-9A1E7A4F7556}") = "SkillSmart.Lessons.Lab7", "SkillSmart.Lessons.Lab7\SkillSmart.Lessons.Lab7.csproj", "{1FF79F26-1CBB-4AF1-803F-6AE6BABD5247}"
EndProject
Project("{9A19103F-16F7-4668-BE54-9A1E7A4F7556}") = "SkillSmart.Lessons.Lab7.Tests", "SkillSmart.Lessons.Lab7.Tests\SkillSmart.Lessons.Lab7.Tests.csproj", "{C6811EDE-C8AE-419D-B569-B57B86B71E9D}"
EndProject
Project("{9A19103F-16F7-4668-BE54-9A1E7A4F7556}") = "SkillSmart.Lessons.Lab8", "SkillSmart.Lessons.Lab8\SkillSmart.Lessons.Lab8.csproj", "{5596A500-4A69-4F5D-B1EF-2A4DA7096892}"
EndProject
Project("{9A19103F-16F7-4668-BE54-9A1E7A4F7556}") = "SkillSmart.Lessons.Lab8.Tests", "SkillSmart.Lessons.Lab8.Tests\SkillSmart.Lessons.Lab8.Tests.csproj", "{EF20BA8C-76E0-4DEB-A05A-A0751CDFAE2A}"
EndProject
Project("{9A19103F-16F7-4668-BE54-9A1E7A4F7556}") = "SkillSmart.Lessons.Lab9", "SkillSmart.Lessons.Lab9\SkillSmart.Lessons.Lab9.csproj", "{54653CB9-D7E0-4DEF-89C7-2DA9F7884C1D}"
EndProject
Project("{9A19103F-16F7-4668-BE54-9A1E7A4F7556}") = "SkillSmart.Lessons.Lab9.Tests", "SkillSmart.Lessons.Lab9.Tests\SkillSmart.Lessons.Lab9.Tests.csproj", "{0527E74D-DEF2-4387-AAFE-90B233F40850}"
EndProject
Project("{9A19103F-16F7-4668-BE54-9A1E7A4F7556}") = "SkillSmart.Lessons.Lab10", "SkillSmart.Lessons.Lab10\SkillSmart.Lessons.Lab10.csproj", "{628DF354-A0A9-4554-A481-6B97C52C32F2}"
EndProject
Project("{9A19103F-16F7-4668-BE54-9A1E7A4F7556}") = "SkillSmart.Lessons.Lab10.Tests", "SkillSmart.Lessons.Lab10.Tests\SkillSmart.Lessons.Lab10.Tests.csproj", "{B9E69CF2-F876-4EA0-BAFA-BF482FEAA520}"
EndProject
Project("{9A19103F-16F7-4668-BE54-9A1E7A4F7556}") = "SkillSmart.Lessons.Lab11", "SkillSmart.Lessons.Lab11\SkillSmart.Lessons.Lab11.csproj", "{8495677C-9788-4261-A230-4DA32CF86449}"
EndProject
Project("{9A19103F-16F7-4668-BE54-9A1E7A4F7556}") = "SkillSmart.Lessons.Lab11.Tests", "SkillSmart.Lessons.Lab11.Tests\SkillSmart.Lessons.Lab11.Tests.csproj", "{6CF34167-CDF2-4D14-9922-D8614DAEE93D}"
EndProject
Project("{9A19103F-16F7-4668-BE54-9A1E7A4F7556}") = "SkillSmart.Lessons.Lab12", "SkillSmart.Lessons.Lab12\SkillSmart.Lessons.Lab12.csproj", "{3C5097C5-C2E8-4895-8B57-523F4844E704}"
EndProject
Project("{9A19103F-16F7-4668-BE54-9A1E7A4F7556}") = "SkillSmart.Lessons.Lab12.Tests", "SkillSmart.Lessons.Lab12.Tests\SkillSmart.Lessons.Lab12.Tests.csproj", "{BDF41467-0E43-486D-A218-332992BAB3B6}"
EndProject
Project("{2150E333-8FDC-42A3-9474-1A3956D46DE8}") = "Practice 1.4", "Practice 1.4", "{DBD908C3-B4C9-4E01-AA4C-15BDA406B6EA}"
EndProject
Project("{2150E333-8FDC-42A3-9474-1A3956D46DE8}") = "Practice 1.5", "Practice 1.5", "{4076CA99-1B3D-4263-AAE0-14C0903B2DF0}"
	ProjectSection(SolutionItems) = preProject
		SkillSmart.Lessons.Lab.1.5.1.txt = SkillSmart.Lessons.Lab.1.5.1.txt
		SkillSmart.Lessons.Lab.1.5.2.txt = SkillSmart.Lessons.Lab.1.5.2.txt
		SkillSmart.Lessons.Lab.1.5.3.txt = SkillSmart.Lessons.Lab.1.5.3.txt
		SkillSmart.Lessons.Lab.1.5.4.txt = SkillSmart.Lessons.Lab.1.5.4.txt
		SkillSmart.Lessons.Lab.1.5.5.txt = SkillSmart.Lessons.Lab.1.5.5.txt
		SkillSmart.Lessons.Lab.1.5.6.txt = SkillSmart.Lessons.Lab.1.5.6.txt
		SkillSmart.Lessons.Lab.1.5.7.cs = SkillSmart.Lessons.Lab.1.5.7.cs
		SkillSmart.Lessons.Lab.1.5.8.txt = SkillSmart.Lessons.Lab.1.5.8.txt
		SkillSmart.Lessons.Lab.1.5.9.txt = SkillSmart.Lessons.Lab.1.5.9.txt
	EndProjectSection
EndProject
Global
	GlobalSection(SolutionConfigurationPlatforms) = preSolution
		Debug|Any CPU = Debug|Any CPU
		Release|Any CPU = Release|Any CPU
	EndGlobalSection
	GlobalSection(ProjectConfigurationPlatforms) = postSolution
		{66C39B8F-A6F9-4319-9933-DAE16C860381}.Debug|Any CPU.ActiveCfg = Debug|Any CPU
		{66C39B8F-A6F9-4319-9933-DAE16C860381}.Debug|Any CPU.Build.0 = Debug|Any CPU
		{66C39B8F-A6F9-4319-9933-DAE16C860381}.Release|Any CPU.ActiveCfg = Release|Any CPU
		{66C39B8F-A6F9-4319-9933-DAE16C860381}.Release|Any CPU.Build.0 = Release|Any CPU
		{685156A4-9623-47B3-95E5-2070B448DA3B}.Debug|Any CPU.ActiveCfg = Debug|Any CPU
		{685156A4-9623-47B3-95E5-2070B448DA3B}.Debug|Any CPU.Build.0 = Debug|Any CPU
		{685156A4-9623-47B3-95E5-2070B448DA3B}.Release|Any CPU.ActiveCfg = Release|Any CPU
		{685156A4-9623-47B3-95E5-2070B448DA3B}.Release|Any CPU.Build.0 = Release|Any CPU
		{229788E1-93BE-4EA8-9B85-7F7D47A22084}.Debug|Any CPU.ActiveCfg = Debug|Any CPU
		{229788E1-93BE-4EA8-9B85-7F7D47A22084}.Debug|Any CPU.Build.0 = Debug|Any CPU
		{229788E1-93BE-4EA8-9B85-7F7D47A22084}.Release|Any CPU.ActiveCfg = Release|Any CPU
		{229788E1-93BE-4EA8-9B85-7F7D47A22084}.Release|Any CPU.Build.0 = Release|Any CPU
		{E2CD31D7-7A3B-4B1D-A293-952AE2EAC7A4}.Debug|Any CPU.ActiveCfg = Debug|Any CPU
		{E2CD31D7-7A3B-4B1D-A293-952AE2EAC7A4}.Debug|Any CPU.Build.0 = Debug|Any CPU
		{E2CD31D7-7A3B-4B1D-A293-952AE2EAC7A4}.Release|Any CPU.ActiveCfg = Release|Any CPU
		{E2CD31D7-7A3B-4B1D-A293-952AE2EAC7A4}.Release|Any CPU.Build.0 = Release|Any CPU
		{CBF202E0-3235-468A-8892-75CCD3BEBC0B}.Debug|Any CPU.ActiveCfg = Debug|Any CPU
		{CBF202E0-3235-468A-8892-75CCD3BEBC0B}.Debug|Any CPU.Build.0 = Debug|Any CPU
		{CBF202E0-3235-468A-8892-75CCD3BEBC0B}.Release|Any CPU.ActiveCfg = Release|Any CPU
		{CBF202E0-3235-468A-8892-75CCD3BEBC0B}.Release|Any CPU.Build.0 = Release|Any CPU
		{652F08E4-A6DE-498F-8A90-38FFFFEB484B}.Debug|Any CPU.ActiveCfg = Debug|Any CPU
		{652F08E4-A6DE-498F-8A90-38FFFFEB484B}.Debug|Any CPU.Build.0 = Debug|Any CPU
		{652F08E4-A6DE-498F-8A90-38FFFFEB484B}.Release|Any CPU.ActiveCfg = Release|Any CPU
		{652F08E4-A6DE-498F-8A90-38FFFFEB484B}.Release|Any CPU.Build.0 = Release|Any CPU
		{1C16476F-8547-4FFC-AF31-9152A8C4B27E}.Debug|Any CPU.ActiveCfg = Debug|Any CPU
		{1C16476F-8547-4FFC-AF31-9152A8C4B27E}.Debug|Any CPU.Build.0 = Debug|Any CPU
		{1C16476F-8547-4FFC-AF31-9152A8C4B27E}.Release|Any CPU.ActiveCfg = Release|Any CPU
		{1C16476F-8547-4FFC-AF31-9152A8C4B27E}.Release|Any CPU.Build.0 = Release|Any CPU
		{AA4D350A-F087-45B1-88EE-6835CBDB1C6C}.Debug|Any CPU.ActiveCfg = Debug|Any CPU
		{AA4D350A-F087-45B1-88EE-6835CBDB1C6C}.Debug|Any CPU.Build.0 = Debug|Any CPU
		{AA4D350A-F087-45B1-88EE-6835CBDB1C6C}.Release|Any CPU.ActiveCfg = Release|Any CPU
		{AA4D350A-F087-45B1-88EE-6835CBDB1C6C}.Release|Any CPU.Build.0 = Release|Any CPU
		{162F77C7-FED7-424B-8234-8913C40B77A5}.Debug|Any CPU.ActiveCfg = Debug|Any CPU
		{162F77C7-FED7-424B-8234-8913C40B77A5}.Debug|Any CPU.Build.0 = Debug|Any CPU
		{162F77C7-FED7-424B-8234-8913C40B77A5}.Release|Any CPU.ActiveCfg = Release|Any CPU
		{162F77C7-FED7-424B-8234-8913C40B77A5}.Release|Any CPU.Build.0 = Release|Any CPU
		{D1A368C7-9B2D-4A8A-ACEF-7843032CFD91}.Debug|Any CPU.ActiveCfg = Debug|Any CPU
		{D1A368C7-9B2D-4A8A-ACEF-7843032CFD91}.Debug|Any CPU.Build.0 = Debug|Any CPU
		{D1A368C7-9B2D-4A8A-ACEF-7843032CFD91}.Release|Any CPU.ActiveCfg = Release|Any CPU
		{D1A368C7-9B2D-4A8A-ACEF-7843032CFD91}.Release|Any CPU.Build.0 = Release|Any CPU
		{6D715E8E-5AED-496E-B616-E2F5BB0330FA}.Debug|Any CPU.ActiveCfg = Debug|Any CPU
		{6D715E8E-5AED-496E-B616-E2F5BB0330FA}.Debug|Any CPU.Build.0 = Debug|Any CPU
		{6D715E8E-5AED-496E-B616-E2F5BB0330FA}.Release|Any CPU.ActiveCfg = Release|Any CPU
		{6D715E8E-5AED-496E-B616-E2F5BB0330FA}.Release|Any CPU.Build.0 = Release|Any CPU
		{D0B20178-6ABA-4E2A-8D80-5B997058A2F5}.Debug|Any CPU.ActiveCfg = Debug|Any CPU
		{D0B20178-6ABA-4E2A-8D80-5B997058A2F5}.Debug|Any CPU.Build.0 = Debug|Any CPU
		{D0B20178-6ABA-4E2A-8D80-5B997058A2F5}.Release|Any CPU.ActiveCfg = Release|Any CPU
		{D0B20178-6ABA-4E2A-8D80-5B997058A2F5}.Release|Any CPU.Build.0 = Release|Any CPU
		{1FF79F26-1CBB-4AF1-803F-6AE6BABD5247}.Debug|Any CPU.ActiveCfg = Debug|Any CPU
		{1FF79F26-1CBB-4AF1-803F-6AE6BABD5247}.Debug|Any CPU.Build.0 = Debug|Any CPU
		{1FF79F26-1CBB-4AF1-803F-6AE6BABD5247}.Release|Any CPU.ActiveCfg = Release|Any CPU
		{1FF79F26-1CBB-4AF1-803F-6AE6BABD5247}.Release|Any CPU.Build.0 = Release|Any CPU
		{C6811EDE-C8AE-419D-B569-B57B86B71E9D}.Debug|Any CPU.ActiveCfg = Debug|Any CPU
		{C6811EDE-C8AE-419D-B569-B57B86B71E9D}.Debug|Any CPU.Build.0 = Debug|Any CPU
		{C6811EDE-C8AE-419D-B569-B57B86B71E9D}.Release|Any CPU.ActiveCfg = Release|Any CPU
		{C6811EDE-C8AE-419D-B569-B57B86B71E9D}.Release|Any CPU.Build.0 = Release|Any CPU
		{5596A500-4A69-4F5D-B1EF-2A4DA7096892}.Debug|Any CPU.ActiveCfg = Debug|Any CPU
		{5596A500-4A69-4F5D-B1EF-2A4DA7096892}.Debug|Any CPU.Build.0 = Debug|Any CPU
		{5596A500-4A69-4F5D-B1EF-2A4DA7096892}.Release|Any CPU.ActiveCfg = Release|Any CPU
		{5596A500-4A69-4F5D-B1EF-2A4DA7096892}.Release|Any CPU.Build.0 = Release|Any CPU
		{EF20BA8C-76E0-4DEB-A05A-A0751CDFAE2A}.Debug|Any CPU.ActiveCfg = Debug|Any CPU
		{EF20BA8C-76E0-4DEB-A05A-A0751CDFAE2A}.Debug|Any CPU.Build.0 = Debug|Any CPU
		{EF20BA8C-76E0-4DEB-A05A-A0751CDFAE2A}.Release|Any CPU.ActiveCfg = Release|Any CPU
		{EF20BA8C-76E0-4DEB-A05A-A0751CDFAE2A}.Release|Any CPU.Build.0 = Release|Any CPU
		{54653CB9-D7E0-4DEF-89C7-2DA9F7884C1D}.Debug|Any CPU.ActiveCfg = Debug|Any CPU
		{54653CB9-D7E0-4DEF-89C7-2DA9F7884C1D}.Debug|Any CPU.Build.0 = Debug|Any CPU
		{54653CB9-D7E0-4DEF-89C7-2DA9F7884C1D}.Release|Any CPU.ActiveCfg = Release|Any CPU
		{54653CB9-D7E0-4DEF-89C7-2DA9F7884C1D}.Release|Any CPU.Build.0 = Release|Any CPU
		{0527E74D-DEF2-4387-AAFE-90B233F40850}.Debug|Any CPU.ActiveCfg = Debug|Any CPU
		{0527E74D-DEF2-4387-AAFE-90B233F40850}.Debug|Any CPU.Build.0 = Debug|Any CPU
		{0527E74D-DEF2-4387-AAFE-90B233F40850}.Release|Any CPU.ActiveCfg = Release|Any CPU
		{0527E74D-DEF2-4387-AAFE-90B233F40850}.Release|Any CPU.Build.0 = Release|Any CPU
		{628DF354-A0A9-4554-A481-6B97C52C32F2}.Debug|Any CPU.ActiveCfg = Debug|Any CPU
		{628DF354-A0A9-4554-A481-6B97C52C32F2}.Debug|Any CPU.Build.0 = Debug|Any CPU
		{628DF354-A0A9-4554-A481-6B97C52C32F2}.Release|Any CPU.ActiveCfg = Release|Any CPU
		{628DF354-A0A9-4554-A481-6B97C52C32F2}.Release|Any CPU.Build.0 = Release|Any CPU
		{B9E69CF2-F876-4EA0-BAFA-BF482FEAA520}.Debug|Any CPU.ActiveCfg = Debug|Any CPU
		{B9E69CF2-F876-4EA0-BAFA-BF482FEAA520}.Debug|Any CPU.Build.0 = Debug|Any CPU
		{B9E69CF2-F876-4EA0-BAFA-BF482FEAA520}.Release|Any CPU.ActiveCfg = Release|Any CPU
		{B9E69CF2-F876-4EA0-BAFA-BF482FEAA520}.Release|Any CPU.Build.0 = Release|Any CPU
		{8495677C-9788-4261-A230-4DA32CF86449}.Debug|Any CPU.ActiveCfg = Debug|Any CPU
		{8495677C-9788-4261-A230-4DA32CF86449}.Debug|Any CPU.Build.0 = Debug|Any CPU
		{8495677C-9788-4261-A230-4DA32CF86449}.Release|Any CPU.ActiveCfg = Release|Any CPU
		{8495677C-9788-4261-A230-4DA32CF86449}.Release|Any CPU.Build.0 = Release|Any CPU
		{6CF34167-CDF2-4D14-9922-D8614DAEE93D}.Debug|Any CPU.ActiveCfg = Debug|Any CPU
		{6CF34167-CDF2-4D14-9922-D8614DAEE93D}.Debug|Any CPU.Build.0 = Debug|Any CPU
		{6CF34167-CDF2-4D14-9922-D8614DAEE93D}.Release|Any CPU.ActiveCfg = Release|Any CPU
		{6CF34167-CDF2-4D14-9922-D8614DAEE93D}.Release|Any CPU.Build.0 = Release|Any CPU
		{3C5097C5-C2E8-4895-8B57-523F4844E704}.Debug|Any CPU.ActiveCfg = Debug|Any CPU
		{3C5097C5-C2E8-4895-8B57-523F4844E704}.Debug|Any CPU.Build.0 = Debug|Any CPU
		{3C5097C5-C2E8-4895-8B57-523F4844E704}.Release|Any CPU.ActiveCfg = Release|Any CPU
		{3C5097C5-C2E8-4895-8B57-523F4844E704}.Release|Any CPU.Build.0 = Release|Any CPU
		{BDF41467-0E43-486D-A218-332992BAB3B6}.Debug|Any CPU.ActiveCfg = Debug|Any CPU
		{BDF41467-0E43-486D-A218-332992BAB3B6}.Debug|Any CPU.Build.0 = Debug|Any CPU
		{BDF41467-0E43-486D-A218-332992BAB3B6}.Release|Any CPU.ActiveCfg = Release|Any CPU
		{BDF41467-0E43-486D-A218-332992BAB3B6}.Release|Any CPU.Build.0 = Release|Any CPU
	EndGlobalSection
	GlobalSection(SolutionProperties) = preSolution
		HideSolutionNode = FALSE
	EndGlobalSection
	GlobalSection(NestedProjects) = preSolution
		{66C39B8F-A6F9-4319-9933-DAE16C860381} = {DBD908C3-B4C9-4E01-AA4C-15BDA406B6EA}
		{685156A4-9623-47B3-95E5-2070B448DA3B} = {DBD908C3-B4C9-4E01-AA4C-15BDA406B6EA}
		{229788E1-93BE-4EA8-9B85-7F7D47A22084} = {DBD908C3-B4C9-4E01-AA4C-15BDA406B6EA}
		{E2CD31D7-7A3B-4B1D-A293-952AE2EAC7A4} = {DBD908C3-B4C9-4E01-AA4C-15BDA406B6EA}
		{CBF202E0-3235-468A-8892-75CCD3BEBC0B} = {DBD908C3-B4C9-4E01-AA4C-15BDA406B6EA}
		{652F08E4-A6DE-498F-8A90-38FFFFEB484B} = {DBD908C3-B4C9-4E01-AA4C-15BDA406B6EA}
		{1C16476F-8547-4FFC-AF31-9152A8C4B27E} = {DBD908C3-B4C9-4E01-AA4C-15BDA406B6EA}
		{AA4D350A-F087-45B1-88EE-6835CBDB1C6C} = {DBD908C3-B4C9-4E01-AA4C-15BDA406B6EA}
		{162F77C7-FED7-424B-8234-8913C40B77A5} = {DBD908C3-B4C9-4E01-AA4C-15BDA406B6EA}
		{D1A368C7-9B2D-4A8A-ACEF-7843032CFD91} = {DBD908C3-B4C9-4E01-AA4C-15BDA406B6EA}
		{6D715E8E-5AED-496E-B616-E2F5BB0330FA} = {DBD908C3-B4C9-4E01-AA4C-15BDA406B6EA}
		{D0B20178-6ABA-4E2A-8D80-5B997058A2F5} = {DBD908C3-B4C9-4E01-AA4C-15BDA406B6EA}
		{1FF79F26-1CBB-4AF1-803F-6AE6BABD5247} = {DBD908C3-B4C9-4E01-AA4C-15BDA406B6EA}
		{C6811EDE-C8AE-419D-B569-B57B86B71E9D} = {DBD908C3-B4C9-4E01-AA4C-15BDA406B6EA}
		{5596A500-4A69-4F5D-B1EF-2A4DA7096892} = {DBD908C3-B4C9-4E01-AA4C-15BDA406B6EA}
		{EF20BA8C-76E0-4DEB-A05A-A0751CDFAE2A} = {DBD908C3-B4C9-4E01-AA4C-15BDA406B6EA}
		{54653CB9-D7E0-4DEF-89C7-2DA9F7884C1D} = {DBD908C3-B4C9-4E01-AA4C-15BDA406B6EA}
		{0527E74D-DEF2-4387-AAFE-90B233F40850} = {DBD908C3-B4C9-4E01-AA4C-15BDA406B6EA}
		{628DF354-A0A9-4554-A481-6B97C52C32F2} = {DBD908C3-B4C9-4E01-AA4C-15BDA406B6EA}
		{B9E69CF2-F876-4EA0-BAFA-BF482FEAA520} = {DBD908C3-B4C9-4E01-AA4C-15BDA406B6EA}
		{8495677C-9788-4261-A230-4DA32CF86449} = {DBD908C3-B4C9-4E01-AA4C-15BDA406B6EA}
		{6CF34167-CDF2-4D14-9922-D8614DAEE93D} = {DBD908C3-B4C9-4E01-AA4C-15BDA406B6EA}
		{3C5097C5-C2E8-4895-8B57-523F4844E704} = {DBD908C3-B4C9-4E01-AA4C-15BDA406B6EA}
		{BDF41467-0E43-486D-A218-332992BAB3B6} = {DBD908C3-B4C9-4E01-AA4C-15BDA406B6EA}
	EndGlobalSection
	GlobalSection(ExtensibilityGlobals) = postSolution
		SolutionGuid = {DDE5B5D6-0828-4F14-8440-B6527AA0BE15}
	EndGlobalSection
EndGlobal
